{
  "nodes": {
    "cve-schema": {
      "flake": false,
      "locked": {
        "lastModified": 1761746861,
        "narHash": "sha256-8Hw46gNNjgeAhPKd/wLWE07tO7WACSZtyMVXef8vmDc=",
        "owner": "CVEProject",
        "repo": "cve-schema",
        "rev": "ce5f5c865f14dc40a6548d36b74751abca1c588a",
        "type": "github"
      },
      "original": {
        "owner": "CVEProject",
        "repo": "cve-schema",
        "type": "github"
      }
    },
    "nixpkgs": {
      "locked": {
        "lastModified": 1789012029,
        "narHash": "sha256-1CBkBf+Nhggykzlx0jvXrj5rk20btl+tK8Fa8Ml/BL4=",
        "owner": "NixOS",
        "repo": "nixpkgs",
        "rev": "d5dfd8e6716dde34398bc14bc87c10dece9c8c68",
        "type": "github"
      },
      "original": {
        "id": "nixpkgs",
        "type": "indirect"
      }
    },
    "root": {
      "inputs": {
        "cve-schema": "cve-schema",
        "nixpkgs": "nixpkgs"
      }
    }
  },
  "root": "root",
  "version": 7
}
