{
  "nodes": {
    "cve-schema": {
      "flake": false,
      "locked": {
        "lastModified": 1761746861,
        "narHash": "sha256-8Hw46gNNjgeAhPKd/wLWE07tO7WACSZtyMVXef8vmDc=",
        "owner": "CVEProject",
        "repo": "cve-schema",
        "rev": "ce5f5c865f14dc40a6548d36b74751abca1c588a",
        "type": "github"
      },
      "original": {
        "owner": "CVEProject",
        "repo": "cve-schema",
        "type": "github"
      }
    },
    "nixpkgs": {
      "locked": {
        "lastModified": 0,
        "narHash": "sha256-gf2AmWVTs8lEq7z/3ZAsgnZDhWIckkb+ZnAo5RzSxJg=",
        "path": "/nix/store/4ggd0kb8as38xa0kr730qpnsa89df0x7-source",
        "type": "path"
      },
      "original": {
        "id": "nixpkgs",
        "type": "indirect"
      }
    },
    "root": {
      "inputs": {
        "cve-schema": "cve-schema",
        "nixpkgs": "nixpkgs"
      }
    }
  },
  "root": "root",
  "version": 7
}
